{
  "nodes": {
    "agenix": {
      "inputs": {
        "darwin": "darwin",
        "home-manager": [
          "home-manager"
        ],
        "nixpkgs": [
          "nixpkgs"
        ],
        "systems": "systems"
      },
      "locked": {
        "lastModified": 1750173260,
        "narHash": "sha256-9P1FziAwl5+3edkfFcr5HeGtQUtrSdk/MksX39GieoA=",
        "owner": "ryantm",
        "repo": "agenix",
        "rev": "531beac616433bac6f9e2a19feb8e99a22a66baf",
        "type": "github"
      },
      "original": {
        "owner": "ryantm",
        "repo": "agenix",
        "type": "github"
      }
    },
    "darwin": {
      "inputs": {
        "nixpkgs": [
          "agenix",
          "nixpkgs"
        ]
      },
      "locked": {
        "lastModified": 1744478979,
        "narHash": "sha256-dyN+teG9G82G+m+PX/aSAagkC+vUv0SgUw3XkPhQodQ=",
        "owner": "lnl7",
        "repo": "nix-darwin",
        "rev": "43975d782b418ebf4969e9ccba82466728c2851b",
        "type": "github"
      },
      "original": {
        "owner": "lnl7",
        "ref": "master",
        "repo": "nix-darwin",
        "type": "github"
      }
    },
    "disko": {
      "inputs": {
        "nixpkgs": [
          "nixpkgs"
        ]
      },
      "locked": {
        "lastModified": 1751607816,
        "narHash": "sha256-5PtrwjqCIJ4DKQhzYdm8RFePBuwb+yTzjV52wWoGSt4=",
        "owner": "nix-community",
        "repo": "disko",
        "rev": "da6109c917b48abc1f76dd5c9bf3901c8c80f662",
        "type": "github"
      },
      "original": {
        "owner": "nix-community",
        "repo": "disko",
        "type": "github"
      }
    },
    "flake-parts": {
      "inputs": {
        "nixpkgs-lib": "nixpkgs-lib"
      },
      "locked": {
        "lastModified": 1743550720,
        "narHash": "sha256-hIshGgKZCgWh6AYJpJmRgFdR3WUbkY04o82X05xqQiY=",
        "owner": "hercules-ci",
        "repo": "flake-parts",
        "rev": "c621e8422220273271f52058f618c94e405bb0f5",
        "type": "github"
      },
      "original": {
        "owner": "hercules-ci",
        "repo": "flake-parts",
        "type": "github"
      }
    },
    "home-manager": {
      "inputs": {
        "nixpkgs": [
          "nixpkgs"
        ]
      },
      "locked": {
        "lastModified": 1751816429,
        "narHash": "sha256-F9xzryA4OfrGTQS1N8SimJQzoD8qDMj/e2lTFE9V288=",
        "owner": "nix-community",
        "repo": "home-manager",
        "rev": "b4486ff44addd453a64fd8c176ab2fd7ad3f6eb3",
        "type": "github"
      },
      "original": {
        "owner": "nix-community",
        "repo": "home-manager",
        "type": "github"
      }
    },
    "nix-darwin": {
      "inputs": {
        "nixpkgs": [
          "nixpkgs"
        ]
      },
      "locked": {
        "lastModified": 1751313918,
        "narHash": "sha256-HsJM3XLa43WpG+665aGEh8iS8AfEwOIQWk3Mke3e7nk=",
        "owner": "LnL7",
        "repo": "nix-darwin",
        "rev": "e04a388232d9a6ba56967ce5b53a8a6f713cdfcf",
        "type": "github"
      },
      "original": {
        "owner": "LnL7",
        "repo": "nix-darwin",
        "type": "github"
      }
    },
    "nix-dash-docsets": {
      "inputs": {
        "flake-parts": "flake-parts",
        "home-manager": [
          "home-manager"
        ],
        "nix-darwin": [
          "nix-darwin"
        ],
        "nixpkgs": [
          "nixpkgs"
        ]
      },
      "locked": {
        "lastModified": 1748217139,
        "narHash": "sha256-YeVU++UOIuFLqdMghzvhxyC0daLy4wQjtGpK0034sdY=",
        "owner": "boinkor-net",
        "repo": "nix-dash-docsets",
        "rev": "8b23aa0759bfe125e80e46617afb387d743d44a7",
        "type": "github"
      },
      "original": {
        "owner": "boinkor-net",
        "repo": "nix-dash-docsets",
        "type": "github"
      }
    },
    "nixpkgs": {
      "locked": {
        "lastModified": 1751637120,
        "narHash": "sha256-xVNy/XopSfIG9c46nRmPaKfH1Gn/56vQ8++xWA8itO4=",
        "owner": "nixos",
        "repo": "nixpkgs",
        "rev": "5c724ed1388e53cc231ed98330a60eb2f7be4be3",
        "type": "github"
      },
      "original": {
        "owner": "nixos",
        "ref": "nixos-unstable",
        "repo": "nixpkgs",
        "type": "github"
      }
    },
    "nixpkgs-lib": {
      "locked": {
        "lastModified": 1743296961,
        "narHash": "sha256-b1EdN3cULCqtorQ4QeWgLMrd5ZGOjLSLemfa00heasc=",
        "owner": "nix-community",
        "repo": "nixpkgs.lib",
        "rev": "e4822aea2a6d1cdd36653c134cacfd64c97ff4fa",
        "type": "github"
      },
      "original": {
        "owner": "nix-community",
        "repo": "nixpkgs.lib",
        "type": "github"
      }
    },
    "root": {
      "inputs": {
        "agenix": "agenix",
        "disko": "disko",
        "home-manager": "home-manager",
        "nix-darwin": "nix-darwin",
        "nix-dash-docsets": "nix-dash-docsets",
        "nixpkgs": "nixpkgs"
      }
    },
    "systems": {
      "locked": {
        "lastModified": 1681028828,
        "narHash": "sha256-Vy1rq5AaRuLzOxct8nz4T6wlgyUR7zLU309k9mBC768=",
        "owner": "nix-systems",
        "repo": "default",
        "rev": "da67096a3b9bf56a91d16901293e51ba5b49a27e",
        "type": "github"
      },
      "original": {
        "owner": "nix-systems",
        "repo": "default",
        "type": "github"
      }
    }
  },
  "root": "root",
  "version": 7
}
